
Microsoft Visual Studio Solution File, Format Version 12.00
# Visual Studio Version 17
VisualStudioVersion = 17.10.35122.118
MinimumVisualStudioVersion = 10.0.40219.1
Project("{FAE04EC0-301F-11D3-BF4B-00C04F79EFBC}") = "FundamentosOO", "FundamentosOO\FundamentosOO.csproj", "{7FB921C0-F112-4F10-ACC3-6D69F620BCF3}"
EndProject
Global
	GlobalSection(SolutionConfigurationPlatforms) = preSolution
		Debug|Any CPU = Debug|Any CPU
		Release|Any CPU = Release|Any CPU
	EndGlobalSection
	GlobalSection(ProjectConfigurationPlatforms) = postSolution
		{7FB921C0-F112-4F10-ACC3-6D69F620BCF3}.Debug|Any CPU.ActiveCfg = Debug|Any CPU
		{7FB921C0-F112-4F10-ACC3-6D69F620BCF3}.Debug|Any CPU.Build.0 = Debug|Any CPU
		{7FB921C0-F112-4F10-ACC3-6D69F620BCF3}.Release|Any CPU.ActiveCfg = Release|Any CPU
		{7FB921C0-F112-4F10-ACC3-6D69F620BCF3}.Release|Any CPU.Build.0 = Release|Any CPU
	EndGlobalSection
	GlobalSection(SolutionProperties) = preSolution
		HideSolutionNode = FALSE
	EndGlobalSection
	GlobalSection(ExtensibilityGlobals) = postSolution
		SolutionGuid = {047CFDD5-D955-4954-80BF-121B9C691D1D}
	EndGlobalSection
EndGlobal
